<Solution>
  <Project Path="Book.DataAccess/Book.DataAccess.csproj" Id="8e33f81c-cd76-4bdb-a970-728371f08371" />
  <Project Path="Book.Models/Book.Models.csproj" Id="9e49d675-75b0-4d1c-9949-07d2b7aaa2fd" />
  <Project Path="Book.Utility/Book.Utility.csproj" Id="665b4cc9-1960-4d63-b7e6-28a94645d9af" />
  <Project Path="BookWeb/BookWeb.csproj" />
</Solution>
